// !$*UTF8*$!
{
	archiveVersion = 1;
	classes = {
	};
	objectVersion = 46;
	objects = {

/* Begin PBXBuildFile section */
		4EA2642C15C73DA600F375FA /* UIKit.framework in Frameworks */ = {isa = PBXBuildFile; fileRef = 4EA2642B15C73DA600F375FA /* UIKit.framework */; };
		4EA2642E15C73DA600F375FA /* Foundation.framework in Frameworks */ = {isa = PBXBuildFile; fileRef = 4EA2642D15C73DA600F375FA /* Foundation.framework */; };
		4EA2643015C73DA600F375FA /* CoreGraphics.framework in Frameworks */ = {isa = PBXBuildFile; fileRef = 4EA2642F15C73DA600F375FA /* CoreGraphics.framework */; };
		4EA2643615C73DA600F375FA /* InfoPlist.strings in Resources */ = {isa = PBXBuildFile; fileRef = 4EA2643415C73DA600F375FA /* InfoPlist.strings */; };
		4EA2643815C73DA600F375FA /* main.m in Sources */ = {isa = PBXBuildFile; fileRef = 4EA2643715C73DA600F375FA /* main.m */; };
		4EA2643C15C73DA600F375FA /* MBAppDelegate.m in Sources */ = {isa = PBXBuildFile; fileRef = 4EA2643B15C73DA600F375FA /* MBAppDelegate.m */; };
		4EA2643F15C73DA600F375FA /* MBViewController.m in Sources */ = {isa = PBXBuildFile; fileRef = 4EA2643E15C73DA600F375FA /* MBViewController.m */; };
		4EA2644215C73DA600F375FA /* MBViewController_iPhone.xib in Resources */ = {isa = PBXBuildFile; fileRef = 4EA2644015C73DA600F375FA /* MBViewController_iPhone.xib */; };
		4EA2644515C73DA700F375FA /* MBViewController_iPad.xib in Resources */ = {isa = PBXBuildFile; fileRef = 4EA2644315C73DA700F375FA /* MBViewController_iPad.xib */; };
		4EA2644D15C73DE600F375FA /* BButton.m in Sources */ = {isa = PBXBuildFile; fileRef = 4EA2644C15C73DE600F375FA /* BButton.m */; };
		880EED1E170B315F00462214 /* Default-568h@2x.png in Resources */ = {isa = PBXBuildFile; fileRef = 880EED1B170B315F00462214 /* Default-568h@2x.png */; };
		880EED1F170B315F00462214 /* Default.png in Resources */ = {isa = PBXBuildFile; fileRef = 880EED1C170B315F00462214 /* Default.png */; };
		880EED20170B315F00462214 /* Default@2x.png in Resources */ = {isa = PBXBuildFile; fileRef = 880EED1D170B315F00462214 /* Default@2x.png */; };
		880EED23170B31C000462214 /* BButton+FontAwesome.m in Sources */ = {isa = PBXBuildFile; fileRef = 880EED22170B31C000462214 /* BButton+FontAwesome.m */; };
		880EED26170B323500462214 /* FontAwesome.ttf in Resources */ = {isa = PBXBuildFile; fileRef = 880EED25170B323500462214 /* FontAwesome.ttf */; };
/* End PBXBuildFile section */

/* Begin PBXFileReference section */
		4EA2642715C73DA600F375FA /* BButton Demo.app */ = {isa = PBXFileReference; explicitFileType = wrapper.application; includeInIndex = 0; path = "BButton Demo.app"; sourceTree = BUILT_PRODUCTS_DIR; };
		4EA2642B15C73DA600F375FA /* UIKit.framework */ = {isa = PBXFileReference; lastKnownFileType = wrapper.framework; name = UIKit.framework; path = System/Library/Frameworks/UIKit.framework; sourceTree = SDKROOT; };
		4EA2642D15C73DA600F375FA /* Foundation.framework */ = {isa = PBXFileReference; lastKnownFileType = wrapper.framework; name = Foundation.framework; path = System/Library/Frameworks/Foundation.framework; sourceTree = SDKROOT; };
		4EA2642F15C73DA600F375FA /* CoreGraphics.framework */ = {isa = PBXFileReference; lastKnownFileType = wrapper.framework; name = CoreGraphics.framework; path = System/Library/Frameworks/CoreGraphics.framework; sourceTree = SDKROOT; };
		4EA2643315C73DA600F375FA /* BButton Demo-Info.plist */ = {isa = PBXFileReference; lastKnownFileType = text.plist.xml; path = "BButton Demo-Info.plist"; sourceTree = "<group>"; };
		4EA2643515C73DA600F375FA /* en */ = {isa = PBXFileReference; lastKnownFileType = text.plist.strings; name = en; path = en.lproj/InfoPlist.strings; sourceTree = "<group>"; };
		4EA2643715C73DA600F375FA /* main.m */ = {isa = PBXFileReference; lastKnownFileType = sourcecode.c.objc; path = main.m; sourceTree = "<group>"; };
		4EA2643915C73DA600F375FA /* BButton Demo-Prefix.pch */ = {isa = PBXFileReference; lastKnownFileType = sourcecode.c.h; path = "BButton Demo-Prefix.pch"; sourceTree = "<group>"; };
		4EA2643A15C73DA600F375FA /* MBAppDelegate.h */ = {isa = PBXFileReference; lastKnownFileType = sourcecode.c.h; path = MBAppDelegate.h; sourceTree = "<group>"; };
		4EA2643B15C73DA600F375FA /* MBAppDelegate.m */ = {isa = PBXFileReference; lastKnownFileType = sourcecode.c.objc; path = MBAppDelegate.m; sourceTree = "<group>"; };
		4EA2643D15C73DA600F375FA /* MBViewController.h */ = {isa = PBXFileReference; lastKnownFileType = sourcecode.c.h; path = MBViewController.h; sourceTree = "<group>"; };
		4EA2643E15C73DA600F375FA /* MBViewController.m */ = {isa = PBXFileReference; lastKnownFileType = sourcecode.c.objc; path = MBViewController.m; sourceTree = "<group>"; };
		4EA2644115C73DA600F375FA /* en */ = {isa = PBXFileReference; lastKnownFileType = file.xib; name = en; path = en.lproj/MBViewController_iPhone.xib; sourceTree = "<group>"; };
		4EA2644415C73DA700F375FA /* en */ = {isa = PBXFileReference; lastKnownFileType = file.xib; name = en; path = en.lproj/MBViewController_iPad.xib; sourceTree = "<group>"; };
		4EA2644B15C73DE600F375FA /* BButton.h */ = {isa = PBXFileReference; fileEncoding = 4; lastKnownFileType = sourcecode.c.h; name = BButton.h; path = BButton/BButton.h; sourceTree = SOURCE_ROOT; };
		4EA2644C15C73DE600F375FA /* BButton.m */ = {isa = PBXFileReference; fileEncoding = 4; lastKnownFileType = sourcecode.c.objc; name = BButton.m; path = BButton/BButton.m; sourceTree = SOURCE_ROOT; };
		880EED1B170B315F00462214 /* Default-568h@2x.png */ = {isa = PBXFileReference; lastKnownFileType = image.png; path = "Default-568h@2x.png"; sourceTree = "<group>"; };
		880EED1C170B315F00462214 /* Default.png */ = {isa = PBXFileReference; lastKnownFileType = image.png; path = Default.png; sourceTree = "<group>"; };
		880EED1D170B315F00462214 /* Default@2x.png */ = {isa = PBXFileReference; lastKnownFileType = image.png; path = "Default@2x.png"; sourceTree = "<group>"; };
		880EED21170B31C000462214 /* BButton+FontAwesome.h */ = {isa = PBXFileReference; fileEncoding = 4; lastKnownFileType = sourcecode.c.h; name = "BButton+FontAwesome.h"; path = "BButton/BButton+FontAwesome.h"; sourceTree = SOURCE_ROOT; };
		880EED22170B31C000462214 /* BButton+FontAwesome.m */ = {isa = PBXFileReference; fileEncoding = 4; lastKnownFileType = sourcecode.c.objc; name = "BButton+FontAwesome.m"; path = "BButton/BButton+FontAwesome.m"; sourceTree = SOURCE_ROOT; };
		880EED25170B323500462214 /* FontAwesome.ttf */ = {isa = PBXFileReference; lastKnownFileType = file; path = FontAwesome.ttf; sourceTree = "<group>"; };
/* End PBXFileReference section */

/* Begin PBXFrameworksBuildPhase section */
		4EA2642415C73DA600F375FA /* Frameworks */ = {
			isa = PBXFrameworksBuildPhase;
			buildActionMask = 2147483647;
			files = (
				4EA2642C15C73DA600F375FA /* UIKit.framework in Frameworks */,
				4EA2642E15C73DA600F375FA /* Foundation.framework in Frameworks */,
				4EA2643015C73DA600F375FA /* CoreGraphics.framework in Frameworks */,
			);
			runOnlyForDeploymentPostprocessing = 0;
		};
/* End PBXFrameworksBuildPhase section */

/* Begin PBXGroup section */
		4EA2641C15C73DA600F375FA = {
			isa = PBXGroup;
			children = (
				4EA2644E15C73DED00F375FA /* BButton */,
				4EA2643115C73DA600F375FA /* BButton Demo */,
				4EA2642A15C73DA600F375FA /* Frameworks */,
				4EA2642815C73DA600F375FA /* Products */,
			);
			sourceTree = "<group>";
		};
		4EA2642815C73DA600F375FA /* Products */ = {
			isa = PBXGroup;
			children = (
				4EA2642715C73DA600F375FA /* BButton Demo.app */,
			);
			name = Products;
			sourceTree = "<group>";
		};
		4EA2642A15C73DA600F375FA /* Frameworks */ = {
			isa = PBXGroup;
			children = (
				4EA2642B15C73DA600F375FA /* UIKit.framework */,
				4EA2642D15C73DA600F375FA /* Foundation.framework */,
				4EA2642F15C73DA600F375FA /* CoreGraphics.framework */,
			);
			name = Frameworks;
			sourceTree = "<group>";
		};
		4EA2643115C73DA600F375FA /* BButton Demo */ = {
			isa = PBXGroup;
			children = (
				4EA2643A15C73DA600F375FA /* MBAppDelegate.h */,
				4EA2643B15C73DA600F375FA /* MBAppDelegate.m */,
				4EA2643D15C73DA600F375FA /* MBViewController.h */,
				4EA2643E15C73DA600F375FA /* MBViewController.m */,
				4EA2644015C73DA600F375FA /* MBViewController_iPhone.xib */,
				4EA2644315C73DA700F375FA /* MBViewController_iPad.xib */,
				4EA2643215C73DA600F375FA /* Supporting Files */,
			);
			path = "BButton Demo";
			sourceTree = "<group>";
		};
		4EA2643215C73DA600F375FA /* Supporting Files */ = {
			isa = PBXGroup;
			children = (
				4EA2643315C73DA600F375FA /* BButton Demo-Info.plist */,
				4EA2643915C73DA600F375FA /* BButton Demo-Prefix.pch */,
				880EED1B170B315F00462214 /* Default-568h@2x.png */,
				880EED1C170B315F00462214 /* Default.png */,
				880EED1D170B315F00462214 /* Default@2x.png */,
				4EA2643415C73DA600F375FA /* InfoPlist.strings */,
				4EA2643715C73DA600F375FA /* main.m */,
			);
			name = "Supporting Files";
			sourceTree = "<group>";
		};
		4EA2644E15C73DED00F375FA /* BButton */ = {
			isa = PBXGroup;
			children = (
				4EA2644B15C73DE600F375FA /* BButton.h */,
				4EA2644C15C73DE600F375FA /* BButton.m */,
				880EED21170B31C000462214 /* BButton+FontAwesome.h */,
				880EED22170B31C000462214 /* BButton+FontAwesome.m */,
				880EED24170B323500462214 /* resources */,
			);
			name = BButton;
			path = "BButton Demo";
			sourceTree = "<group>";
		};
		880EED24170B323500462214 /* resources */ = {
			isa = PBXGroup;
			children = (
				880EED25170B323500462214 /* FontAwesome.ttf */,
			);
			name = resources;
			path = BButton/resources;
			sourceTree = SOURCE_ROOT;
		};
/* End PBXGroup section */

/* Begin PBXNativeTarget section */
		4EA2642615C73DA600F375FA /* BButton Demo */ = {
			isa = PBXNativeTarget;
			buildConfigurationList = 4EA2644815C73DA700F375FA /* Build configuration list for PBXNativeTarget "BButton Demo" */;
			buildPhases = (
				4EA2642315C73DA600F375FA /* Sources */,
				4EA2642415C73DA600F375FA /* Frameworks */,
				4EA2642515C73DA600F375FA /* Resources */,
			);
			buildRules = (
			);
			dependencies = (
			);
			name = "BButton Demo";
			productName = "BButton Demo";
			productReference = 4EA2642715C73DA600F375FA /* BButton Demo.app */;
			productType = "com.apple.product-type.application";
		};
/* End PBXNativeTarget section */

/* Begin PBXProject section */
		4EA2641E15C73DA600F375FA /* Project object */ = {
			isa = PBXProject;
			attributes = {
				CLASSPREFIX = MB;
				LastUpgradeCheck = 0450;
				ORGANIZATIONNAME = "Mathieu Bolard";
			};
			buildConfigurationList = 4EA2642115C73DA600F375FA /* Build configuration list for PBXProject "BButton Demo" */;
			compatibilityVersion = "Xcode 3.2";
			developmentRegion = English;
			hasScannedForEncodings = 0;
			knownRegions = (
				en,
			);
			mainGroup = 4EA2641C15C73DA600F375FA;
			productRefGroup = 4EA2642815C73DA600F375FA /* Products */;
			projectDirPath = "";
			projectRoot = "";
			targets = (
				4EA2642615C73DA600F375FA /* BButton Demo */,
			);
		};
/* End PBXProject section */

/* Begin PBXResourcesBuildPhase section */
		4EA2642515C73DA600F375FA /* Resources */ = {
			isa = PBXResourcesBuildPhase;
			buildActionMask = 2147483647;
			files = (
				4EA2643615C73DA600F375FA /* InfoPlist.strings in Resources */,
				4EA2644215C73DA600F375FA /* MBViewController_iPhone.xib in Resources */,
				4EA2644515C73DA700F375FA /* MBViewController_iPad.xib in Resources */,
				880EED1E170B315F00462214 /* Default-568h@2x.png in Resources */,
				880EED1F170B315F00462214 /* Default.png in Resources */,
				880EED20170B315F00462214 /* Default@2x.png in Resources */,
				880EED26170B323500462214 /* FontAwesome.ttf in Resources */,
			);
			runOnlyForDeploymentPostprocessing = 0;
		};
/* End PBXResourcesBuildPhase section */

/* Begin PBXSourcesBuildPhase section */
		4EA2642315C73DA600F375FA /* Sources */ = {
			isa = PBXSourcesBuildPhase;
			buildActionMask = 2147483647;
			files = (
				4EA2643815C73DA600F375FA /* main.m in Sources */,
				4EA2643C15C73DA600F375FA /* MBAppDelegate.m in Sources */,
				4EA2643F15C73DA600F375FA /* MBViewController.m in Sources */,
				4EA2644D15C73DE600F375FA /* BButton.m in Sources */,
				880EED23170B31C000462214 /* BButton+FontAwesome.m in Sources */,
			);
			runOnlyForDeploymentPostprocessing = 0;
		};
/* End PBXSourcesBuildPhase section */

/* Begin PBXVariantGroup section */
		4EA2643415C73DA600F375FA /* InfoPlist.strings */ = {
			isa = PBXVariantGroup;
			children = (
				4EA2643515C73DA600F375FA /* en */,
			);
			name = InfoPlist.strings;
			sourceTree = "<group>";
		};
		4EA2644015C73DA600F375FA /* MBViewController_iPhone.xib */ = {
			isa = PBXVariantGroup;
			children = (
				4EA2644115C73DA600F375FA /* en */,
			);
			name = MBViewController_iPhone.xib;
			sourceTree = "<group>";
		};
		4EA2644315C73DA700F375FA /* MBViewController_iPad.xib */ = {
			isa = PBXVariantGroup;
			children = (
				4EA2644415C73DA700F375FA /* en */,
			);
			name = MBViewController_iPad.xib;
			sourceTree = "<group>";
		};
/* End PBXVariantGroup section */

/* Begin XCBuildConfiguration section */
		4EA2644615C73DA700F375FA /* Debug */ = {
			isa = XCBuildConfiguration;
			buildSettings = {
				ALWAYS_SEARCH_USER_PATHS = NO;
				CLANG_CXX_LANGUAGE_STANDARD = "gnu++0x";
				CLANG_CXX_LIBRARY = "libc++";
				CLANG_WARN__DUPLICATE_METHOD_MATCH = YES;
				"CODE_SIGN_IDENTITY[sdk=iphoneos*]" = "iPhone Developer";
				COPY_PHASE_STRIP = NO;
				GCC_C_LANGUAGE_STANDARD = gnu99;
				GCC_DYNAMIC_NO_PIC = NO;
				GCC_OPTIMIZATION_LEVEL = 0;
				GCC_PREPROCESSOR_DEFINITIONS = (
					"DEBUG=1",
					"$(inherited)",
				);
				GCC_SYMBOLS_PRIVATE_EXTERN = NO;
				GCC_WARN_ABOUT_RETURN_TYPE = YES;
				GCC_WARN_UNINITIALIZED_AUTOS = YES;
				GCC_WARN_UNUSED_VARIABLE = YES;
				IPHONEOS_DEPLOYMENT_TARGET = 6.0;
				SDKROOT = iphoneos;
				TARGETED_DEVICE_FAMILY = "1,2";
			};
			name = Debug;
		};
		4EA2644715C73DA700F375FA /* Release */ = {
			isa = XCBuildConfiguration;
			buildSettings = {
				ALWAYS_SEARCH_USER_PATHS = NO;
				CLANG_CXX_LANGUAGE_STANDARD = "gnu++0x";
				CLANG_CXX_LIBRARY = "libc++";
				CLANG_WARN__DUPLICATE_METHOD_MATCH = YES;
				"CODE_SIGN_IDENTITY[sdk=iphoneos*]" = "iPhone Developer";
				COPY_PHASE_STRIP = YES;
				GCC_C_LANGUAGE_STANDARD = gnu99;
				GCC_WARN_ABOUT_RETURN_TYPE = YES;
				GCC_WARN_UNINITIALIZED_AUTOS = YES;
				GCC_WARN_UNUSED_VARIABLE = YES;
				IPHONEOS_DEPLOYMENT_TARGET = 6.0;
				OTHER_CFLAGS = "-DNS_BLOCK_ASSERTIONS=1";
				SDKROOT = iphoneos;
				TARGETED_DEVICE_FAMILY = "1,2";
				VALIDATE_PRODUCT = YES;
			};
			name = Release;
		};
		4EA2644915C73DA700F375FA /* Debug */ = {
			isa = XCBuildConfiguration;
			buildSettings = {
				GCC_PRECOMPILE_PREFIX_HEADER = YES;
				GCC_PREFIX_HEADER = "BButton Demo/BButton Demo-Prefix.pch";
				INFOPLIST_FILE = "BButton Demo/BButton Demo-Info.plist";
				IPHONEOS_DEPLOYMENT_TARGET = 5.0;
				PRODUCT_NAME = "$(TARGET_NAME)";
				WRAPPER_EXTENSION = app;
			};
			name = Debug;
		};
		4EA2644A15C73DA700F375FA /* Release */ = {
			isa = XCBuildConfiguration;
			buildSettings = {
				GCC_PRECOMPILE_PREFIX_HEADER = YES;
				GCC_PREFIX_HEADER = "BButton Demo/BButton Demo-Prefix.pch";
				INFOPLIST_FILE = "BButton Demo/BButton Demo-Info.plist";
				IPHONEOS_DEPLOYMENT_TARGET = 5.0;
				PRODUCT_NAME = "$(TARGET_NAME)";
				WRAPPER_EXTENSION = app;
			};
			name = Release;
		};
/* End XCBuildConfiguration section */

/* Begin XCConfigurationList section */
		4EA2642115C73DA600F375FA /* Build configuration list for PBXProject "BButton Demo" */ = {
			isa = XCConfigurationList;
			buildConfigurations = (
				4EA2644615C73DA700F375FA /* Debug */,
				4EA2644715C73DA700F375FA /* Release */,
			);
			defaultConfigurationIsVisible = 0;
			defaultConfigurationName = Release;
		};
		4EA2644815C73DA700F375FA /* Build configuration list for PBXNativeTarget "BButton Demo" */ = {
			isa = XCConfigurationList;
			buildConfigurations = (
				4EA2644915C73DA700F375FA /* Debug */,
				4EA2644A15C73DA700F375FA /* Release */,
			);
			defaultConfigurationIsVisible = 0;
			defaultConfigurationName = Release;
		};
/* End XCConfigurationList section */
	};
	rootObject = 4EA2641E15C73DA600F375FA /* Project object */;
}
